
Microsoft Visual Studio Solution File, Format Version 12.00
# Visual Studio Version 16
VisualStudioVersion = 16.0.30611.23
MinimumVisualStudioVersion = 10.0.40219.1
Project("{9A19103F-16F7-4668-BE54-9A1E7A4F7556}") = "websitechangenotifier", "websitechangenotifier.csproj", "{CE5CBDE2-1AE7-496B-AA48-139681133286}"
EndProject
Global
	GlobalSection(SolutionConfigurationPlatforms) = preSolution
		Debug|Any CPU = Debug|Any CPU
		Release|Any CPU = Release|Any CPU
	EndGlobalSection
	GlobalSection(ProjectConfigurationPlatforms) = postSolution
		{CE5CBDE2-1AE7-496B-AA48-139681133286}.Debug|Any CPU.ActiveCfg = Debug|Any CPU
		{CE5CBDE2-1AE7-496B-AA48-139681133286}.Debug|Any CPU.Build.0 = Debug|Any CPU
		{CE5CBDE2-1AE7-496B-AA48-139681133286}.Release|Any CPU.ActiveCfg = Release|Any CPU
		{CE5CBDE2-1AE7-496B-AA48-139681133286}.Release|Any CPU.Build.0 = Release|Any CPU
	EndGlobalSection
	GlobalSection(SolutionProperties) = preSolution
		HideSolutionNode = FALSE
	EndGlobalSection
	GlobalSection(ExtensibilityGlobals) = postSolution
		SolutionGuid = {B98C631F-1D36-42FB-8832-8FD4F73271FF}
	EndGlobalSection
EndGlobal
